
Microsoft Visual Studio Solution File, Format Version 12.00
# Visual Studio Version 17
VisualStudioVersion = 17.6.33815.320
MinimumVisualStudioVersion = 10.0.40219.1
Project("{FAE04EC0-301F-11D3-BF4B-00C04F79EFBC}") = "ProjetoFinalJogo", "ProjetoFinalJogo\ProjetoFinalJogo.csproj", "{77C4270D-9805-49C1-9E63-DEB2A90B4D8C}"
EndProject
Project("{2150E333-8FDC-42A3-9474-1A3956D46DE8}") = "Solution Items", "Solution Items", "{97506C6A-52D9-4A92-9A25-7C44A13614B7}"
	ProjectSection(SolutionItems) = preProject
		.editorconfig = .editorconfig
	EndProjectSection
EndProject
Global
	GlobalSection(SolutionConfigurationPlatforms) = preSolution
		Debug|Any CPU = Debug|Any CPU
		Release|Any CPU = Release|Any CPU
	EndGlobalSection
	GlobalSection(ProjectConfigurationPlatforms) = postSolution
		{77C4270D-9805-49C1-9E63-DEB2A90B4D8C}.Debug|Any CPU.ActiveCfg = Debug|Any CPU
		{77C4270D-9805-49C1-9E63-DEB2A90B4D8C}.Debug|Any CPU.Build.0 = Debug|Any CPU
		{77C4270D-9805-49C1-9E63-DEB2A90B4D8C}.Release|Any CPU.ActiveCfg = Release|Any CPU
		{77C4270D-9805-49C1-9E63-DEB2A90B4D8C}.Release|Any CPU.Build.0 = Release|Any CPU
	EndGlobalSection
	GlobalSection(SolutionProperties) = preSolution
		HideSolutionNode = FALSE
	EndGlobalSection
	GlobalSection(ExtensibilityGlobals) = postSolution
		SolutionGuid = {CB9050E5-FA7C-4DEE-AA17-57AF9E983E21}
	EndGlobalSection
EndGlobal
